
Microsoft Visual Studio Solution File, Format Version 12.00
# Visual Studio 2017
Project("{FAE04EC0-301F-11D3-BF4B-00C04F79EFBC}") = "NumberWizardUi", "NumberWizardUi.csproj", "{14984919-C3A6-6B42-F2A0-CC2EFC20C1BC}"
EndProject
Global
	GlobalSection(SolutionConfigurationPlatforms) = preSolution
		Debug|Any CPU = Debug|Any CPU
		Release|Any CPU = Release|Any CPU
	EndGlobalSection
	GlobalSection(ProjectConfigurationPlatforms) = postSolution
		{14984919-C3A6-6B42-F2A0-CC2EFC20C1BC}.Debug|Any CPU.ActiveCfg = Debug|Any CPU
		{14984919-C3A6-6B42-F2A0-CC2EFC20C1BC}.Debug|Any CPU.Build.0 = Debug|Any CPU
		{14984919-C3A6-6B42-F2A0-CC2EFC20C1BC}.Release|Any CPU.ActiveCfg = Release|Any CPU
		{14984919-C3A6-6B42-F2A0-CC2EFC20C1BC}.Release|Any CPU.Build.0 = Release|Any CPU
	EndGlobalSection
	GlobalSection(SolutionProperties) = preSolution
		HideSolutionNode = FALSE
	EndGlobalSection
EndGlobal
